
Microsoft Visual Studio Solution File, Format Version 12.00
# Visual Studio Version 17
VisualStudioVersion = 17.2.32516.85
MinimumVisualStudioVersion = 10.0.40219.1
Project("{FAE04EC0-301F-11D3-BF4B-00C04F79EFBC}") = "Tema_Laborator", "Tema_Laborator\Tema_Laborator.csproj", "{58508E35-7FAA-4615-BBD7-86BB055DF844}"
EndProject
Global
	GlobalSection(SolutionConfigurationPlatforms) = preSolution
		Debug|Any CPU = Debug|Any CPU
		Release|Any CPU = Release|Any CPU
	EndGlobalSection
	GlobalSection(ProjectConfigurationPlatforms) = postSolution
		{58508E35-7FAA-4615-BBD7-86BB055DF844}.Debug|Any CPU.ActiveCfg = Debug|Any CPU
		{58508E35-7FAA-4615-BBD7-86BB055DF844}.Debug|Any CPU.Build.0 = Debug|Any CPU
		{58508E35-7FAA-4615-BBD7-86BB055DF844}.Release|Any CPU.ActiveCfg = Release|Any CPU
		{58508E35-7FAA-4615-BBD7-86BB055DF844}.Release|Any CPU.Build.0 = Release|Any CPU
	EndGlobalSection
	GlobalSection(SolutionProperties) = preSolution
		HideSolutionNode = FALSE
	EndGlobalSection
	GlobalSection(ExtensibilityGlobals) = postSolution
		SolutionGuid = {02B2B4B2-CAAB-4CE1-91EE-3E35B7DCB58B}
	EndGlobalSection
EndGlobal
